PODS:
  - SDWebImage (5.0.0-beta3):
    - SDWebImage/Core (= 5.0.0-beta3)
  - SDWebImage/Core (5.0.0-beta3)

DEPENDENCIES:
  - SDWebImage (= 5.0.0-beta3)

SPEC REPOS:
  https://github.com/cocoapods/specs.git:
    - SDWebImage

SPEC CHECKSUMS:
  SDWebImage: e52654ceef9fdc19f4c612d64a5b6d3f05dd81a4

PODFILE CHECKSUM: b0ec4b5bbe89a0a35dbc8efac7670253e56fe81b

COCOAPODS: 1.5.3
