// !$*UTF8*$!
{
	archiveVersion = 1;
	classes = {
	};
	objectVersion = 50;
	objects = {

/* Begin PBXBuildFile section */
		1B711DEEF0A276B097851FF6 /* libPods-Avia.a in Frameworks */ = {isa = PBXBuildFile; fileRef = 1110EDC325DCB7A5A850D1DC /* libPods-Avia.a */; };
		7A15B6A021516ED900EE2B04 /* AppDelegate.m in Sources */ = {isa = PBXBuildFile; fileRef = 7A15B69F21516ED900EE2B04 /* AppDelegate.m */; };
		7A15B6A321516ED900EE2B04 /* ArtsViewController.m in Sources */ = {isa = PBXBuildFile; fileRef = 7A15B6A221516ED900EE2B04 /* ArtsViewController.m */; };
		7A15B6A821516ED900EE2B04 /* Assets.xcassets in Resources */ = {isa = PBXBuildFile; fileRef = 7A15B6A721516ED900EE2B04 /* Assets.xcassets */; };
		7A15B6AB21516ED900EE2B04 /* LaunchScreen.storyboard in Resources */ = {isa = PBXBuildFile; fileRef = 7A15B6A921516ED900EE2B04 /* LaunchScreen.storyboard */; };
		7A15B6AE21516ED900EE2B04 /* main.m in Sources */ = {isa = PBXBuildFile; fileRef = 7A15B6AD21516ED900EE2B04 /* main.m */; };
		7A1BD25B216116ED00438189 /* Geo.m in Sources */ = {isa = PBXBuildFile; fileRef = 7A1BD25A216116ED00438189 /* Geo.m */; };
		7A1BD25E21611BDD00438189 /* ArtViewController.m in Sources */ = {isa = PBXBuildFile; fileRef = 7A1BD25D21611BDD00438189 /* ArtViewController.m */; };
		7A31BB66215FCBB000696BEA /* Art.m in Sources */ = {isa = PBXBuildFile; fileRef = 7A31BB65215FCBB000696BEA /* Art.m */; };
		7A31BB69215FD09300696BEA /* Arts.m in Sources */ = {isa = PBXBuildFile; fileRef = 7A31BB68215FD09300696BEA /* Arts.m */; };
		7A432EA52163F54B00EA9B25 /* ArtsCollectionViewController.m in Sources */ = {isa = PBXBuildFile; fileRef = 7A432EA42163F54B00EA9B25 /* ArtsCollectionViewController.m */; };
		7A432EA82163FFDD00EA9B25 /* ArtCollectionViewCell.m in Sources */ = {isa = PBXBuildFile; fileRef = 7A432EA72163FFDD00EA9B25 /* ArtCollectionViewCell.m */; };
		7A495768215A8DD500192CE4 /* ApiManager.m in Sources */ = {isa = PBXBuildFile; fileRef = 7A495767215A8DD500192CE4 /* ApiManager.m */; };
		7A764A912163EA0D00C9B687 /* TabBarViewController.m in Sources */ = {isa = PBXBuildFile; fileRef = 7A764A902163EA0D00C9B687 /* TabBarViewController.m */; };
		7AFDEBD9216CB19C004E54C5 /* Model.xcdatamodeld in Sources */ = {isa = PBXBuildFile; fileRef = 7AFDEBD7216CB19C004E54C5 /* Model.xcdatamodeld */; };
		7AFDEC0F216CC4CC004E54C5 /* MOArt+CoreDataClass.m in Sources */ = {isa = PBXBuildFile; fileRef = 7AFDEC0D216CC4CC004E54C5 /* MOArt+CoreDataClass.m */; };
		7AFDEC10216CC4CC004E54C5 /* MOArt+CoreDataProperties.m in Sources */ = {isa = PBXBuildFile; fileRef = 7AFDEC0E216CC4CC004E54C5 /* MOArt+CoreDataProperties.m */; };
		7AFDEC14216CC523004E54C5 /* CoreDataManager.m in Sources */ = {isa = PBXBuildFile; fileRef = 7AFDEC13216CC523004E54C5 /* CoreDataManager.m */; };
/* End PBXBuildFile section */

/* Begin PBXFileReference section */
		1110EDC325DCB7A5A850D1DC /* libPods-Avia.a */ = {isa = PBXFileReference; explicitFileType = archive.ar; includeInIndex = 0; path = "libPods-Avia.a"; sourceTree = BUILT_PRODUCTS_DIR; };
		418A6AB6C9CA0C2A18338402 /* Pods-Avia.release.xcconfig */ = {isa = PBXFileReference; includeInIndex = 1; lastKnownFileType = text.xcconfig; name = "Pods-Avia.release.xcconfig"; path = "Pods/Target Support Files/Pods-Avia/Pods-Avia.release.xcconfig"; sourceTree = "<group>"; };
		7A15B69B21516ED800EE2B04 /* Avia.app */ = {isa = PBXFileReference; explicitFileType = wrapper.application; includeInIndex = 0; path = Avia.app; sourceTree = BUILT_PRODUCTS_DIR; };
		7A15B69E21516ED800EE2B04 /* AppDelegate.h */ = {isa = PBXFileReference; lastKnownFileType = sourcecode.c.h; path = AppDelegate.h; sourceTree = "<group>"; };
		7A15B69F21516ED900EE2B04 /* AppDelegate.m */ = {isa = PBXFileReference; lastKnownFileType = sourcecode.c.objc; path = AppDelegate.m; sourceTree = "<group>"; };
		7A15B6A121516ED900EE2B04 /* ArtsViewController.h */ = {isa = PBXFileReference; lastKnownFileType = sourcecode.c.h; path = ArtsViewController.h; sourceTree = "<group>"; };
		7A15B6A221516ED900EE2B04 /* ArtsViewController.m */ = {isa = PBXFileReference; lastKnownFileType = sourcecode.c.objc; path = ArtsViewController.m; sourceTree = "<group>"; };
		7A15B6A721516ED900EE2B04 /* Assets.xcassets */ = {isa = PBXFileReference; lastKnownFileType = folder.assetcatalog; path = Assets.xcassets; sourceTree = "<group>"; };
		7A15B6AA21516ED900EE2B04 /* Base */ = {isa = PBXFileReference; lastKnownFileType = file.storyboard; name = Base; path = Base.lproj/LaunchScreen.storyboard; sourceTree = "<group>"; };
		7A15B6AC21516ED900EE2B04 /* Info.plist */ = {isa = PBXFileReference; lastKnownFileType = text.plist.xml; path = Info.plist; sourceTree = "<group>"; };
		7A15B6AD21516ED900EE2B04 /* main.m */ = {isa = PBXFileReference; lastKnownFileType = sourcecode.c.objc; path = main.m; sourceTree = "<group>"; };
		7A1BD259216116ED00438189 /* Geo.h */ = {isa = PBXFileReference; lastKnownFileType = sourcecode.c.h; path = Geo.h; sourceTree = "<group>"; };
		7A1BD25A216116ED00438189 /* Geo.m */ = {isa = PBXFileReference; lastKnownFileType = sourcecode.c.objc; path = Geo.m; sourceTree = "<group>"; };
		7A1BD25C21611BDD00438189 /* ArtViewController.h */ = {isa = PBXFileReference; lastKnownFileType = sourcecode.c.h; path = ArtViewController.h; sourceTree = "<group>"; };
		7A1BD25D21611BDD00438189 /* ArtViewController.m */ = {isa = PBXFileReference; lastKnownFileType = sourcecode.c.objc; path = ArtViewController.m; sourceTree = "<group>"; };
		7A31BB64215FCBB000696BEA /* Art.h */ = {isa = PBXFileReference; lastKnownFileType = sourcecode.c.h; path = Art.h; sourceTree = "<group>"; };
		7A31BB65215FCBB000696BEA /* Art.m */ = {isa = PBXFileReference; lastKnownFileType = sourcecode.c.objc; path = Art.m; sourceTree = "<group>"; };
		7A31BB67215FD09300696BEA /* Arts.h */ = {isa = PBXFileReference; lastKnownFileType = sourcecode.c.h; path = Arts.h; sourceTree = "<group>"; };
		7A31BB68215FD09300696BEA /* Arts.m */ = {isa = PBXFileReference; lastKnownFileType = sourcecode.c.objc; path = Arts.m; sourceTree = "<group>"; };
		7A432EA32163F54B00EA9B25 /* ArtsCollectionViewController.h */ = {isa = PBXFileReference; lastKnownFileType = sourcecode.c.h; path = ArtsCollectionViewController.h; sourceTree = "<group>"; };
		7A432EA42163F54B00EA9B25 /* ArtsCollectionViewController.m */ = {isa = PBXFileReference; lastKnownFileType = sourcecode.c.objc; path = ArtsCollectionViewController.m; sourceTree = "<group>"; };
		7A432EA62163FFDC00EA9B25 /* ArtCollectionViewCell.h */ = {isa = PBXFileReference; lastKnownFileType = sourcecode.c.h; path = ArtCollectionViewCell.h; sourceTree = "<group>"; };
		7A432EA72163FFDD00EA9B25 /* ArtCollectionViewCell.m */ = {isa = PBXFileReference; lastKnownFileType = sourcecode.c.objc; path = ArtCollectionViewCell.m; sourceTree = "<group>"; };
		7A495766215A8DD500192CE4 /* ApiManager.h */ = {isa = PBXFileReference; lastKnownFileType = sourcecode.c.h; path = ApiManager.h; sourceTree = "<group>"; };
		7A495767215A8DD500192CE4 /* ApiManager.m */ = {isa = PBXFileReference; lastKnownFileType = sourcecode.c.objc; path = ApiManager.m; sourceTree = "<group>"; };
		7A764A8F2163EA0D00C9B687 /* TabBarViewController.h */ = {isa = PBXFileReference; lastKnownFileType = sourcecode.c.h; path = TabBarViewController.h; sourceTree = "<group>"; };
		7A764A902163EA0D00C9B687 /* TabBarViewController.m */ = {isa = PBXFileReference; lastKnownFileType = sourcecode.c.objc; path = TabBarViewController.m; sourceTree = "<group>"; };
		7AFDEBD8216CB19C004E54C5 /* Model.xcdatamodel */ = {isa = PBXFileReference; lastKnownFileType = wrapper.xcdatamodel; path = Model.xcdatamodel; sourceTree = "<group>"; };
		7AFDEC0B216CC4CC004E54C5 /* MOArt+CoreDataProperties.h */ = {isa = PBXFileReference; lastKnownFileType = sourcecode.c.h; path = "MOArt+CoreDataProperties.h"; sourceTree = "<group>"; };
		7AFDEC0C216CC4CC004E54C5 /* MOArt+CoreDataClass.h */ = {isa = PBXFileReference; lastKnownFileType = sourcecode.c.h; path = "MOArt+CoreDataClass.h"; sourceTree = "<group>"; };
		7AFDEC0D216CC4CC004E54C5 /* MOArt+CoreDataClass.m */ = {isa = PBXFileReference; lastKnownFileType = sourcecode.c.objc; path = "MOArt+CoreDataClass.m"; sourceTree = "<group>"; };
		7AFDEC0E216CC4CC004E54C5 /* MOArt+CoreDataProperties.m */ = {isa = PBXFileReference; lastKnownFileType = sourcecode.c.objc; path = "MOArt+CoreDataProperties.m"; sourceTree = "<group>"; };
		7AFDEC12216CC523004E54C5 /* CoreDataManager.h */ = {isa = PBXFileReference; lastKnownFileType = sourcecode.c.h; path = CoreDataManager.h; sourceTree = "<group>"; };
		7AFDEC13216CC523004E54C5 /* CoreDataManager.m */ = {isa = PBXFileReference; lastKnownFileType = sourcecode.c.objc; path = CoreDataManager.m; sourceTree = "<group>"; };
		E463EFFFFC7D99D573046ECE /* Pods-Avia.debug.xcconfig */ = {isa = PBXFileReference; includeInIndex = 1; lastKnownFileType = text.xcconfig; name = "Pods-Avia.debug.xcconfig"; path = "Pods/Target Support Files/Pods-Avia/Pods-Avia.debug.xcconfig"; sourceTree = "<group>"; };
/* End PBXFileReference section */

/* Begin PBXFrameworksBuildPhase section */
		7A15B69821516ED800EE2B04 /* Frameworks */ = {
			isa = PBXFrameworksBuildPhase;
			buildActionMask = 2147483647;
			files = (
				1B711DEEF0A276B097851FF6 /* libPods-Avia.a in Frameworks */,
			);
			runOnlyForDeploymentPostprocessing = 0;
		};
/* End PBXFrameworksBuildPhase section */

/* Begin PBXGroup section */
		19219CE1BE33ADD611961868 /* Pods */ = {
			isa = PBXGroup;
			children = (
				E463EFFFFC7D99D573046ECE /* Pods-Avia.debug.xcconfig */,
				418A6AB6C9CA0C2A18338402 /* Pods-Avia.release.xcconfig */,
			);
			name = Pods;
			sourceTree = "<group>";
		};
		7A15B69221516ED800EE2B04 = {
			isa = PBXGroup;
			children = (
				7A15B69D21516ED800EE2B04 /* Avia */,
				7AFDEBDA216CB1A9004E54C5 /* Resources */,
				7A15B69C21516ED800EE2B04 /* Products */,
				19219CE1BE33ADD611961868 /* Pods */,
				F2015CB0D1B6446DED0DAB22 /* Frameworks */,
			);
			sourceTree = "<group>";
		};
		7A15B69C21516ED800EE2B04 /* Products */ = {
			isa = PBXGroup;
			children = (
				7A15B69B21516ED800EE2B04 /* Avia.app */,
			);
			name = Products;
			sourceTree = "<group>";
		};
		7A15B69D21516ED800EE2B04 /* Avia */ = {
			isa = PBXGroup;
			children = (
				7AFDEC11216CC505004E54C5 /* CoreData */,
				7A1BD258216116D400438189 /* Helper */,
				7ABD5155215B4F85004C0037 /* Entity */,
				7A495766215A8DD500192CE4 /* ApiManager.h */,
				7A495767215A8DD500192CE4 /* ApiManager.m */,
				7A15B69E21516ED800EE2B04 /* AppDelegate.h */,
				7A15B69F21516ED900EE2B04 /* AppDelegate.m */,
				7A764A8F2163EA0D00C9B687 /* TabBarViewController.h */,
				7A764A902163EA0D00C9B687 /* TabBarViewController.m */,
				7A15B6A121516ED900EE2B04 /* ArtsViewController.h */,
				7A15B6A221516ED900EE2B04 /* ArtsViewController.m */,
				7A1BD25C21611BDD00438189 /* ArtViewController.h */,
				7A1BD25D21611BDD00438189 /* ArtViewController.m */,
				7A432EA32163F54B00EA9B25 /* ArtsCollectionViewController.h */,
				7A432EA42163F54B00EA9B25 /* ArtsCollectionViewController.m */,
				7A432EA62163FFDC00EA9B25 /* ArtCollectionViewCell.h */,
				7A432EA72163FFDD00EA9B25 /* ArtCollectionViewCell.m */,
				7A15B6AD21516ED900EE2B04 /* main.m */,
			);
			path = Avia;
			sourceTree = "<group>";
		};
		7A1BD258216116D400438189 /* Helper */ = {
			isa = PBXGroup;
			children = (
				7A1BD259216116ED00438189 /* Geo.h */,
				7A1BD25A216116ED00438189 /* Geo.m */,
			);
			path = Helper;
			sourceTree = "<group>";
		};
		7ABD5155215B4F85004C0037 /* Entity */ = {
			isa = PBXGroup;
			children = (
				7AFDEC0B216CC4CC004E54C5 /* MOArt+CoreDataProperties.h */,
				7AFDEC0C216CC4CC004E54C5 /* MOArt+CoreDataClass.h */,
				7AFDEC0D216CC4CC004E54C5 /* MOArt+CoreDataClass.m */,
				7AFDEC0E216CC4CC004E54C5 /* MOArt+CoreDataProperties.m */,
				7A31BB64215FCBB000696BEA /* Art.h */,
				7A31BB65215FCBB000696BEA /* Art.m */,
				7A31BB67215FD09300696BEA /* Arts.h */,
				7A31BB68215FD09300696BEA /* Arts.m */,
			);
			path = Entity;
			sourceTree = "<group>";
		};
		7AFDEBDA216CB1A9004E54C5 /* Resources */ = {
			isa = PBXGroup;
			children = (
				7AFDEBD7216CB19C004E54C5 /* Model.xcdatamodeld */,
				7A15B6A721516ED900EE2B04 /* Assets.xcassets */,
				7A15B6A921516ED900EE2B04 /* LaunchScreen.storyboard */,
				7A15B6AC21516ED900EE2B04 /* Info.plist */,
			);
			path = Resources;
			sourceTree = "<group>";
		};
		7AFDEC11216CC505004E54C5 /* CoreData */ = {
			isa = PBXGroup;
			children = (
				7AFDEC12216CC523004E54C5 /* CoreDataManager.h */,
				7AFDEC13216CC523004E54C5 /* CoreDataManager.m */,
			);
			path = CoreData;
			sourceTree = "<group>";
		};
		F2015CB0D1B6446DED0DAB22 /* Frameworks */ = {
			isa = PBXGroup;
			children = (
				1110EDC325DCB7A5A850D1DC /* libPods-Avia.a */,
			);
			name = Frameworks;
			sourceTree = "<group>";
		};
/* End PBXGroup section */

/* Begin PBXNativeTarget section */
		7A15B69A21516ED800EE2B04 /* Avia */ = {
			isa = PBXNativeTarget;
			buildConfigurationList = 7A15B6B121516ED900EE2B04 /* Build configuration list for PBXNativeTarget "Avia" */;
			buildPhases = (
				06BB7E8C07A892B0672FB5B9 /* [CP] Check Pods Manifest.lock */,
				7A15B69721516ED800EE2B04 /* Sources */,
				7A15B69821516ED800EE2B04 /* Frameworks */,
				7A15B69921516ED800EE2B04 /* Resources */,
			);
			buildRules = (
			);
			dependencies = (
			);
			name = Avia;
			productName = Avia;
			productReference = 7A15B69B21516ED800EE2B04 /* Avia.app */;
			productType = "com.apple.product-type.application";
		};
/* End PBXNativeTarget section */

/* Begin PBXProject section */
		7A15B69321516ED800EE2B04 /* Project object */ = {
			isa = PBXProject;
			attributes = {
				LastUpgradeCheck = 1000;
				ORGANIZATIONNAME = "Евгений Бижанов";
				TargetAttributes = {
					7A15B69A21516ED800EE2B04 = {
						CreatedOnToolsVersion = 10.0;
						LastSwiftMigration = 1000;
					};
				};
			};
			buildConfigurationList = 7A15B69621516ED800EE2B04 /* Build configuration list for PBXProject "Avia" */;
			compatibilityVersion = "Xcode 9.3";
			developmentRegion = en;
			hasScannedForEncodings = 0;
			knownRegions = (
				en,
				Base,
			);
			mainGroup = 7A15B69221516ED800EE2B04;
			productRefGroup = 7A15B69C21516ED800EE2B04 /* Products */;
			projectDirPath = "";
			projectRoot = "";
			targets = (
				7A15B69A21516ED800EE2B04 /* Avia */,
			);
		};
/* End PBXProject section */

/* Begin PBXResourcesBuildPhase section */
		7A15B69921516ED800EE2B04 /* Resources */ = {
			isa = PBXResourcesBuildPhase;
			buildActionMask = 2147483647;
			files = (
				7A15B6AB21516ED900EE2B04 /* LaunchScreen.storyboard in Resources */,
				7A15B6A821516ED900EE2B04 /* Assets.xcassets in Resources */,
			);
			runOnlyForDeploymentPostprocessing = 0;
		};
/* End PBXResourcesBuildPhase section */

/* Begin PBXShellScriptBuildPhase section */
		06BB7E8C07A892B0672FB5B9 /* [CP] Check Pods Manifest.lock */ = {
			isa = PBXShellScriptBuildPhase;
			buildActionMask = 2147483647;
			files = (
			);
			inputPaths = (
				"${PODS_PODFILE_DIR_PATH}/Podfile.lock",
				"${PODS_ROOT}/Manifest.lock",
			);
			name = "[CP] Check Pods Manifest.lock";
			outputPaths = (
				"$(DERIVED_FILE_DIR)/Pods-Avia-checkManifestLockResult.txt",
			);
			runOnlyForDeploymentPostprocessing = 0;
			shellPath = /bin/sh;
			shellScript = "diff \"${PODS_PODFILE_DIR_PATH}/Podfile.lock\" \"${PODS_ROOT}/Manifest.lock\" > /dev/null\nif [ $? != 0 ] ; then\n    # print error to STDERR\n    echo \"error: The sandbox is not in sync with the Podfile.lock. Run 'pod install' or update your CocoaPods installation.\" >&2\n    exit 1\nfi\n# This output is used by Xcode 'outputs' to avoid re-running this script phase.\necho \"SUCCESS\" > \"${SCRIPT_OUTPUT_FILE_0}\"\n";
			showEnvVarsInLog = 0;
		};
/* End PBXShellScriptBuildPhase section */

/* Begin PBXSourcesBuildPhase section */
		7A15B69721516ED800EE2B04 /* Sources */ = {
			isa = PBXSourcesBuildPhase;
			buildActionMask = 2147483647;
			files = (
				7AFDEC0F216CC4CC004E54C5 /* MOArt+CoreDataClass.m in Sources */,
				7A495768215A8DD500192CE4 /* ApiManager.m in Sources */,
				7A432EA82163FFDD00EA9B25 /* ArtCollectionViewCell.m in Sources */,
				7A15B6A321516ED900EE2B04 /* ArtsViewController.m in Sources */,
				7A15B6AE21516ED900EE2B04 /* main.m in Sources */,
				7A31BB69215FD09300696BEA /* Arts.m in Sources */,
				7A1BD25E21611BDD00438189 /* ArtViewController.m in Sources */,
				7A15B6A021516ED900EE2B04 /* AppDelegate.m in Sources */,
				7A31BB66215FCBB000696BEA /* Art.m in Sources */,
				7A764A912163EA0D00C9B687 /* TabBarViewController.m in Sources */,
				7A432EA52163F54B00EA9B25 /* ArtsCollectionViewController.m in Sources */,
				7A1BD25B216116ED00438189 /* Geo.m in Sources */,
				7AFDEC14216CC523004E54C5 /* CoreDataManager.m in Sources */,
				7AFDEBD9216CB19C004E54C5 /* Model.xcdatamodeld in Sources */,
				7AFDEC10216CC4CC004E54C5 /* MOArt+CoreDataProperties.m in Sources */,
			);
			runOnlyForDeploymentPostprocessing = 0;
		};
/* End PBXSourcesBuildPhase section */

/* Begin PBXVariantGroup section */
		7A15B6A921516ED900EE2B04 /* LaunchScreen.storyboard */ = {
			isa = PBXVariantGroup;
			children = (
				7A15B6AA21516ED900EE2B04 /* Base */,
			);
			name = LaunchScreen.storyboard;
			sourceTree = "<group>";
		};
/* End PBXVariantGroup section */

/* Begin XCBuildConfiguration section */
		7A15B6AF21516ED900EE2B04 /* Debug */ = {
			isa = XCBuildConfiguration;
			buildSettings = {
				ALWAYS_SEARCH_USER_PATHS = NO;
				CLANG_ANALYZER_NONNULL = YES;
				CLANG_ANALYZER_NUMBER_OBJECT_CONVERSION = YES_AGGRESSIVE;
				CLANG_CXX_LANGUAGE_STANDARD = "gnu++14";
				CLANG_CXX_LIBRARY = "libc++";
				CLANG_ENABLE_MODULES = YES;
				CLANG_ENABLE_OBJC_ARC = YES;
				CLANG_ENABLE_OBJC_WEAK = YES;
				CLANG_WARN_BLOCK_CAPTURE_AUTORELEASING = YES;
				CLANG_WARN_BOOL_CONVERSION = YES;
				CLANG_WARN_COMMA = YES;
				CLANG_WARN_CONSTANT_CONVERSION = YES;
				CLANG_WARN_DEPRECATED_OBJC_IMPLEMENTATIONS = YES;
				CLANG_WARN_DIRECT_OBJC_ISA_USAGE = YES_ERROR;
				CLANG_WARN_DOCUMENTATION_COMMENTS = YES;
				CLANG_WARN_EMPTY_BODY = YES;
				CLANG_WARN_ENUM_CONVERSION = YES;
				CLANG_WARN_INFINITE_RECURSION = YES;
				CLANG_WARN_INT_CONVERSION = YES;
				CLANG_WARN_NON_LITERAL_NULL_CONVERSION = YES;
				CLANG_WARN_OBJC_IMPLICIT_RETAIN_SELF = YES;
				CLANG_WARN_OBJC_LITERAL_CONVERSION = YES;
				CLANG_WARN_OBJC_ROOT_CLASS = YES_ERROR;
				CLANG_WARN_RANGE_LOOP_ANALYSIS = YES;
				CLANG_WARN_STRICT_PROTOTYPES = YES;
				CLANG_WARN_SUSPICIOUS_MOVE = YES;
				CLANG_WARN_UNGUARDED_AVAILABILITY = YES_AGGRESSIVE;
				CLANG_WARN_UNREACHABLE_CODE = YES;
				CLANG_WARN__DUPLICATE_METHOD_MATCH = YES;
				CODE_SIGN_IDENTITY = "iPhone Developer";
				COPY_PHASE_STRIP = NO;
				DEBUG_INFORMATION_FORMAT = dwarf;
				ENABLE_STRICT_OBJC_MSGSEND = YES;
				ENABLE_TESTABILITY = YES;
				GCC_C_LANGUAGE_STANDARD = gnu11;
				GCC_DYNAMIC_NO_PIC = NO;
				GCC_NO_COMMON_BLOCKS = YES;
				GCC_OPTIMIZATION_LEVEL = 0;
				GCC_PREPROCESSOR_DEFINITIONS = (
					"DEBUG=1",
					"$(inherited)",
				);
				GCC_WARN_64_TO_32_BIT_CONVERSION = YES;
				GCC_WARN_ABOUT_RETURN_TYPE = YES_ERROR;
				GCC_WARN_UNDECLARED_SELECTOR = YES;
				GCC_WARN_UNINITIALIZED_AUTOS = YES_AGGRESSIVE;
				GCC_WARN_UNUSED_FUNCTION = YES;
				GCC_WARN_UNUSED_VARIABLE = YES;
				IPHONEOS_DEPLOYMENT_TARGET = 12.0;
				MTL_ENABLE_DEBUG_INFO = INCLUDE_SOURCE;
				MTL_FAST_MATH = YES;
				ONLY_ACTIVE_ARCH = YES;
				SDKROOT = iphoneos;
			};
			name = Debug;
		};
		7A15B6B021516ED900EE2B04 /* Release */ = {
			isa = XCBuildConfiguration;
			buildSettings = {
				ALWAYS_SEARCH_USER_PATHS = NO;
				CLANG_ANALYZER_NONNULL = YES;
				CLANG_ANALYZER_NUMBER_OBJECT_CONVERSION = YES_AGGRESSIVE;
				CLANG_CXX_LANGUAGE_STANDARD = "gnu++14";
				CLANG_CXX_LIBRARY = "libc++";
				CLANG_ENABLE_MODULES = YES;
				CLANG_ENABLE_OBJC_ARC = YES;
				CLANG_ENABLE_OBJC_WEAK = YES;
				CLANG_WARN_BLOCK_CAPTURE_AUTORELEASING = YES;
				CLANG_WARN_BOOL_CONVERSION = YES;
				CLANG_WARN_COMMA = YES;
				CLANG_WARN_CONSTANT_CONVERSION = YES;
				CLANG_WARN_DEPRECATED_OBJC_IMPLEMENTATIONS = YES;
				CLANG_WARN_DIRECT_OBJC_ISA_USAGE = YES_ERROR;
				CLANG_WARN_DOCUMENTATION_COMMENTS = YES;
				CLANG_WARN_EMPTY_BODY = YES;
				CLANG_WARN_ENUM_CONVERSION = YES;
				CLANG_WARN_INFINITE_RECURSION = YES;
				CLANG_WARN_INT_CONVERSION = YES;
				CLANG_WARN_NON_LITERAL_NULL_CONVERSION = YES;
				CLANG_WARN_OBJC_IMPLICIT_RETAIN_SELF = YES;
				CLANG_WARN_OBJC_LITERAL_CONVERSION = YES;
				CLANG_WARN_OBJC_ROOT_CLASS = YES_ERROR;
				CLANG_WARN_RANGE_LOOP_ANALYSIS = YES;
				CLANG_WARN_STRICT_PROTOTYPES = YES;
				CLANG_WARN_SUSPICIOUS_MOVE = YES;
				CLANG_WARN_UNGUARDED_AVAILABILITY = YES_AGGRESSIVE;
				CLANG_WARN_UNREACHABLE_CODE = YES;
				CLANG_WARN__DUPLICATE_METHOD_MATCH = YES;
				CODE_SIGN_IDENTITY = "iPhone Developer";
				COPY_PHASE_STRIP = NO;
				DEBUG_INFORMATION_FORMAT = "dwarf-with-dsym";
				ENABLE_NS_ASSERTIONS = NO;
				ENABLE_STRICT_OBJC_MSGSEND = YES;
				GCC_C_LANGUAGE_STANDARD = gnu11;
				GCC_NO_COMMON_BLOCKS = YES;
				GCC_WARN_64_TO_32_BIT_CONVERSION = YES;
				GCC_WARN_ABOUT_RETURN_TYPE = YES_ERROR;
				GCC_WARN_UNDECLARED_SELECTOR = YES;
				GCC_WARN_UNINITIALIZED_AUTOS = YES_AGGRESSIVE;
				GCC_WARN_UNUSED_FUNCTION = YES;
				GCC_WARN_UNUSED_VARIABLE = YES;
				IPHONEOS_DEPLOYMENT_TARGET = 12.0;
				MTL_ENABLE_DEBUG_INFO = NO;
				MTL_FAST_MATH = YES;
				SDKROOT = iphoneos;
				VALIDATE_PRODUCT = YES;
			};
			name = Release;
		};
		7A15B6B221516ED900EE2B04 /* Debug */ = {
			isa = XCBuildConfiguration;
			baseConfigurationReference = E463EFFFFC7D99D573046ECE /* Pods-Avia.debug.xcconfig */;
			buildSettings = {
				ASSETCATALOG_COMPILER_APPICON_NAME = AppIcon;
				CLANG_ENABLE_MODULES = YES;
				CODE_SIGN_STYLE = Automatic;
				DEVELOPMENT_TEAM = 6TZ3MZ977X;
				INFOPLIST_FILE = Resources/Info.plist;
				LD_RUNPATH_SEARCH_PATHS = (
					"$(inherited)",
					"@executable_path/Frameworks",
				);
				PRODUCT_BUNDLE_IDENTIFIER = com.bizhanov.Avia;
				PRODUCT_NAME = "$(TARGET_NAME)";
				SWIFT_OPTIMIZATION_LEVEL = "-Onone";
				SWIFT_VERSION = 4.2;
				TARGETED_DEVICE_FAMILY = "1,2";
			};
			name = Debug;
		};
		7A15B6B321516ED900EE2B04 /* Release */ = {
			isa = XCBuildConfiguration;
			baseConfigurationReference = 418A6AB6C9CA0C2A18338402 /* Pods-Avia.release.xcconfig */;
			buildSettings = {
				ASSETCATALOG_COMPILER_APPICON_NAME = AppIcon;
				CLANG_ENABLE_MODULES = YES;
				CODE_SIGN_STYLE = Automatic;
				DEVELOPMENT_TEAM = 6TZ3MZ977X;
				INFOPLIST_FILE = Resources/Info.plist;
				LD_RUNPATH_SEARCH_PATHS = (
					"$(inherited)",
					"@executable_path/Frameworks",
				);
				PRODUCT_BUNDLE_IDENTIFIER = com.bizhanov.Avia;
				PRODUCT_NAME = "$(TARGET_NAME)";
				SWIFT_VERSION = 4.2;
				TARGETED_DEVICE_FAMILY = "1,2";
			};
			name = Release;
		};
/* End XCBuildConfiguration section */

/* Begin XCConfigurationList section */
		7A15B69621516ED800EE2B04 /* Build configuration list for PBXProject "Avia" */ = {
			isa = XCConfigurationList;
			buildConfigurations = (
				7A15B6AF21516ED900EE2B04 /* Debug */,
				7A15B6B021516ED900EE2B04 /* Release */,
			);
			defaultConfigurationIsVisible = 0;
			defaultConfigurationName = Release;
		};
		7A15B6B121516ED900EE2B04 /* Build configuration list for PBXNativeTarget "Avia" */ = {
			isa = XCConfigurationList;
			buildConfigurations = (
				7A15B6B221516ED900EE2B04 /* Debug */,
				7A15B6B321516ED900EE2B04 /* Release */,
			);
			defaultConfigurationIsVisible = 0;
			defaultConfigurationName = Release;
		};
/* End XCConfigurationList section */

/* Begin XCVersionGroup section */
		7AFDEBD7216CB19C004E54C5 /* Model.xcdatamodeld */ = {
			isa = XCVersionGroup;
			children = (
				7AFDEBD8216CB19C004E54C5 /* Model.xcdatamodel */,
			);
			currentVersion = 7AFDEBD8216CB19C004E54C5 /* Model.xcdatamodel */;
			path = Model.xcdatamodeld;
			sourceTree = "<group>";
			versionGroupType = wrapper.xcdatamodel;
		};
/* End XCVersionGroup section */
	};
	rootObject = 7A15B69321516ED800EE2B04 /* Project object */;
}
